
Microsoft Visual Studio Solution File, Format Version 12.00
# Visual Studio Version 17
VisualStudioVersion = 17.11.35222.181
MinimumVisualStudioVersion = 10.0.40219.1
Project("{FAE04EC0-301F-11D3-BF4B-00C04F79EFBC}") = "course_2_semester_1_cs", "course_2_semester_1_cs\course_2_semester_1_cs.csproj", "{DEC6E4EC-AAFE-4489-B47A-BF949429C075}"
EndProject
Global
	GlobalSection(SolutionConfigurationPlatforms) = preSolution
		Debug|Any CPU = Debug|Any CPU
		Release|Any CPU = Release|Any CPU
	EndGlobalSection
	GlobalSection(ProjectConfigurationPlatforms) = postSolution
		{DEC6E4EC-AAFE-4489-B47A-BF949429C075}.Debug|Any CPU.ActiveCfg = Debug|Any CPU
		{DEC6E4EC-AAFE-4489-B47A-BF949429C075}.Debug|Any CPU.Build.0 = Debug|Any CPU
		{DEC6E4EC-AAFE-4489-B47A-BF949429C075}.Release|Any CPU.ActiveCfg = Release|Any CPU
		{DEC6E4EC-AAFE-4489-B47A-BF949429C075}.Release|Any CPU.Build.0 = Release|Any CPU
	EndGlobalSection
	GlobalSection(SolutionProperties) = preSolution
		HideSolutionNode = FALSE
	EndGlobalSection
	GlobalSection(ExtensibilityGlobals) = postSolution
		SolutionGuid = {E0C824F6-1F1F-4931-9DCD-A103D4861205}
	EndGlobalSection
EndGlobal
